// !$*UTF8*$!
{
	archiveVersion = 1;
	classes = {
	};
	objectVersion = 48;
	objects = {

/* Begin PBXBuildFile section */
		E30D2ED82007AFBB00CA3F62 /* AppDelegate.swift in Sources */ = {isa = PBXBuildFile; fileRef = E30D2ED72007AFBB00CA3F62 /* AppDelegate.swift */; };
		E30D2EDA2007AFBB00CA3F62 /* ViewController.swift in Sources */ = {isa = PBXBuildFile; fileRef = E30D2ED92007AFBB00CA3F62 /* ViewController.swift */; };
		E30D2EDD2007AFBB00CA3F62 /* Main.storyboard in Resources */ = {isa = PBXBuildFile; fileRef = E30D2EDB2007AFBB00CA3F62 /* Main.storyboard */; };
		E30D2EDF2007AFBB00CA3F62 /* Assets.xcassets in Resources */ = {isa = PBXBuildFile; fileRef = E30D2EDE2007AFBB00CA3F62 /* Assets.xcassets */; };
		E30D2EE22007AFBB00CA3F62 /* LaunchScreen.storyboard in Resources */ = {isa = PBXBuildFile; fileRef = E30D2EE02007AFBB00CA3F62 /* LaunchScreen.storyboard */; };
/* End PBXBuildFile section */

/* Begin PBXFileReference section */
		E30D2ED42007AFBB00CA3F62 /* SingleAppDragAndDrop.app */ = {isa = PBXFileReference; explicitFileType = wrapper.application; includeInIndex = 0; path = SingleAppDragAndDrop.app; sourceTree = BUILT_PRODUCTS_DIR; };
		E30D2ED72007AFBB00CA3F62 /* AppDelegate.swift */ = {isa = PBXFileReference; lastKnownFileType = sourcecode.swift; path = AppDelegate.swift; sourceTree = "<group>"; };
		E30D2ED92007AFBB00CA3F62 /* ViewController.swift */ = {isa = PBXFileReference; lastKnownFileType = sourcecode.swift; path = ViewController.swift; sourceTree = "<group>"; };
		E30D2EDC2007AFBB00CA3F62 /* Base */ = {isa = PBXFileReference; lastKnownFileType = file.storyboard; name = Base; path = Base.lproj/Main.storyboard; sourceTree = "<group>"; };
		E30D2EDE2007AFBB00CA3F62 /* Assets.xcassets */ = {isa = PBXFileReference; lastKnownFileType = folder.assetcatalog; path = Assets.xcassets; sourceTree = "<group>"; };
		E30D2EE12007AFBB00CA3F62 /* Base */ = {isa = PBXFileReference; lastKnownFileType = file.storyboard; name = Base; path = Base.lproj/LaunchScreen.storyboard; sourceTree = "<group>"; };
		E30D2EE32007AFBB00CA3F62 /* Info.plist */ = {isa = PBXFileReference; lastKnownFileType = text.plist.xml; path = Info.plist; sourceTree = "<group>"; };
/* End PBXFileReference section */

/* Begin PBXFrameworksBuildPhase section */
		E30D2ED12007AFBB00CA3F62 /* Frameworks */ = {
			isa = PBXFrameworksBuildPhase;
			buildActionMask = 2147483647;
			files = (
			);
			runOnlyForDeploymentPostprocessing = 0;
		};
/* End PBXFrameworksBuildPhase section */

/* Begin PBXGroup section */
		E30D2ECB2007AFBB00CA3F62 = {
			isa = PBXGroup;
			children = (
				E30D2ED62007AFBB00CA3F62 /* SingleAppDragAndDrop */,
				E30D2ED52007AFBB00CA3F62 /* Products */,
			);
			sourceTree = "<group>";
		};
		E30D2ED52007AFBB00CA3F62 /* Products */ = {
			isa = PBXGroup;
			children = (
				E30D2ED42007AFBB00CA3F62 /* SingleAppDragAndDrop.app */,
			);
			name = Products;
			sourceTree = "<group>";
		};
		E30D2ED62007AFBB00CA3F62 /* SingleAppDragAndDrop */ = {
			isa = PBXGroup;
			children = (
				E30D2ED72007AFBB00CA3F62 /* AppDelegate.swift */,
				E30D2ED92007AFBB00CA3F62 /* ViewController.swift */,
				E30D2EDB2007AFBB00CA3F62 /* Main.storyboard */,
				E30D2EDE2007AFBB00CA3F62 /* Assets.xcassets */,
				E30D2EE02007AFBB00CA3F62 /* LaunchScreen.storyboard */,
				E30D2EE32007AFBB00CA3F62 /* Info.plist */,
			);
			path = SingleAppDragAndDrop;
			sourceTree = "<group>";
		};
/* End PBXGroup section */

/* Begin PBXNativeTarget section */
		E30D2ED32007AFBB00CA3F62 /* SingleAppDragAndDrop */ = {
			isa = PBXNativeTarget;
			buildConfigurationList = E30D2EE62007AFBB00CA3F62 /* Build configuration list for PBXNativeTarget "SingleAppDragAndDrop" */;
			buildPhases = (
				E30D2ED02007AFBB00CA3F62 /* Sources */,
				E30D2ED12007AFBB00CA3F62 /* Frameworks */,
				E30D2ED22007AFBB00CA3F62 /* Resources */,
			);
			buildRules = (
			);
			dependencies = (
			);
			name = SingleAppDragAndDrop;
			productName = SingleAppDragAndDrop;
			productReference = E30D2ED42007AFBB00CA3F62 /* SingleAppDragAndDrop.app */;
			productType = "com.apple.product-type.application";
		};
/* End PBXNativeTarget section */

/* Begin PBXProject section */
		E30D2ECC2007AFBB00CA3F62 /* Project object */ = {
			isa = PBXProject;
			attributes = {
				LastSwiftUpdateCheck = 0920;
				LastUpgradeCheck = 0920;
				ORGANIZATIONNAME = akatsuki174;
				TargetAttributes = {
					E30D2ED32007AFBB00CA3F62 = {
						CreatedOnToolsVersion = 9.2;
						ProvisioningStyle = Automatic;
					};
				};
			};
			buildConfigurationList = E30D2ECF2007AFBB00CA3F62 /* Build configuration list for PBXProject "SingleAppDragAndDrop" */;
			compatibilityVersion = "Xcode 8.0";
			developmentRegion = en;
			hasScannedForEncodings = 0;
			knownRegions = (
				en,
				Base,
			);
			mainGroup = E30D2ECB2007AFBB00CA3F62;
			productRefGroup = E30D2ED52007AFBB00CA3F62 /* Products */;
			projectDirPath = "";
			projectRoot = "";
			targets = (
				E30D2ED32007AFBB00CA3F62 /* SingleAppDragAndDrop */,
			);
		};
/* End PBXProject section */

/* Begin PBXResourcesBuildPhase section */
		E30D2ED22007AFBB00CA3F62 /* Resources */ = {
			isa = PBXResourcesBuildPhase;
			buildActionMask = 2147483647;
			files = (
				E30D2EE22007AFBB00CA3F62 /* LaunchScreen.storyboard in Resources */,
				E30D2EDF2007AFBB00CA3F62 /* Assets.xcassets in Resources */,
				E30D2EDD2007AFBB00CA3F62 /* Main.storyboard in Resources */,
			);
			runOnlyForDeploymentPostprocessing = 0;
		};
/* End PBXResourcesBuildPhase section */

/* Begin PBXSourcesBuildPhase section */
		E30D2ED02007AFBB00CA3F62 /* Sources */ = {
			isa = PBXSourcesBuildPhase;
			buildActionMask = 2147483647;
			files = (
				E30D2EDA2007AFBB00CA3F62 /* ViewController.swift in Sources */,
				E30D2ED82007AFBB00CA3F62 /* AppDelegate.swift in Sources */,
			);
			runOnlyForDeploymentPostprocessing = 0;
		};
/* End PBXSourcesBuildPhase section */

/* Begin PBXVariantGroup section */
		E30D2EDB2007AFBB00CA3F62 /* Main.storyboard */ = {
			isa = PBXVariantGroup;
			children = (
				E30D2EDC2007AFBB00CA3F62 /* Base */,
			);
			name = Main.storyboard;
			sourceTree = "<group>";
		};
		E30D2EE02007AFBB00CA3F62 /* LaunchScreen.storyboard */ = {
			isa = PBXVariantGroup;
			children = (
				E30D2EE12007AFBB00CA3F62 /* Base */,
			);
			name = LaunchScreen.storyboard;
			sourceTree = "<group>";
		};
/* End PBXVariantGroup section */

/* Begin XCBuildConfiguration section */
		E30D2EE42007AFBB00CA3F62 /* Debug */ = {
			isa = XCBuildConfiguration;
			buildSettings = {
				ALWAYS_SEARCH_USER_PATHS = NO;
				CLANG_ANALYZER_NONNULL = YES;
				CLANG_ANALYZER_NUMBER_OBJECT_CONVERSION = YES_AGGRESSIVE;
				CLANG_CXX_LANGUAGE_STANDARD = "gnu++14";
				CLANG_CXX_LIBRARY = "libc++";
				CLANG_ENABLE_MODULES = YES;
				CLANG_ENABLE_OBJC_ARC = YES;
				CLANG_WARN_BLOCK_CAPTURE_AUTORELEASING = YES;
				CLANG_WARN_BOOL_CONVERSION = YES;
				CLANG_WARN_COMMA = YES;
				CLANG_WARN_CONSTANT_CONVERSION = YES;
				CLANG_WARN_DIRECT_OBJC_ISA_USAGE = YES_ERROR;
				CLANG_WARN_DOCUMENTATION_COMMENTS = YES;
				CLANG_WARN_EMPTY_BODY = YES;
				CLANG_WARN_ENUM_CONVERSION = YES;
				CLANG_WARN_INFINITE_RECURSION = YES;
				CLANG_WARN_INT_CONVERSION = YES;
				CLANG_WARN_NON_LITERAL_NULL_CONVERSION = YES;
				CLANG_WARN_OBJC_LITERAL_CONVERSION = YES;
				CLANG_WARN_OBJC_ROOT_CLASS = YES_ERROR;
				CLANG_WARN_RANGE_LOOP_ANALYSIS = YES;
				CLANG_WARN_STRICT_PROTOTYPES = YES;
				CLANG_WARN_SUSPICIOUS_MOVE = YES;
				CLANG_WARN_UNGUARDED_AVAILABILITY = YES_AGGRESSIVE;
				CLANG_WARN_UNREACHABLE_CODE = YES;
				CLANG_WARN__DUPLICATE_METHOD_MATCH = YES;
				CODE_SIGN_IDENTITY = "iPhone Developer";
				COPY_PHASE_STRIP = NO;
				DEBUG_INFORMATION_FORMAT = dwarf;
				ENABLE_STRICT_OBJC_MSGSEND = YES;
				ENABLE_TESTABILITY = YES;
				GCC_C_LANGUAGE_STANDARD = gnu11;
				GCC_DYNAMIC_NO_PIC = NO;
				GCC_NO_COMMON_BLOCKS = YES;
				GCC_OPTIMIZATION_LEVEL = 0;
				GCC_PREPROCESSOR_DEFINITIONS = (
					"DEBUG=1",
					"$(inherited)",
				);
				GCC_WARN_64_TO_32_BIT_CONVERSION = YES;
				GCC_WARN_ABOUT_RETURN_TYPE = YES_ERROR;
				GCC_WARN_UNDECLARED_SELECTOR = YES;
				GCC_WARN_UNINITIALIZED_AUTOS = YES_AGGRESSIVE;
				GCC_WARN_UNUSED_FUNCTION = YES;
				GCC_WARN_UNUSED_VARIABLE = YES;
				IPHONEOS_DEPLOYMENT_TARGET = 11.2;
				MTL_ENABLE_DEBUG_INFO = YES;
				ONLY_ACTIVE_ARCH = YES;
				SDKROOT = iphoneos;
				SWIFT_ACTIVE_COMPILATION_CONDITIONS = DEBUG;
				SWIFT_OPTIMIZATION_LEVEL = "-Onone";
			};
			name = Debug;
		};
		E30D2EE52007AFBB00CA3F62 /* Release */ = {
			isa = XCBuildConfiguration;
			buildSettings = {
				ALWAYS_SEARCH_USER_PATHS = NO;
				CLANG_ANALYZER_NONNULL = YES;
				CLANG_ANALYZER_NUMBER_OBJECT_CONVERSION = YES_AGGRESSIVE;
				CLANG_CXX_LANGUAGE_STANDARD = "gnu++14";
				CLANG_CXX_LIBRARY = "libc++";
				CLANG_ENABLE_MODULES = YES;
				CLANG_ENABLE_OBJC_ARC = YES;
				CLANG_WARN_BLOCK_CAPTURE_AUTORELEASING = YES;
				CLANG_WARN_BOOL_CONVERSION = YES;
				CLANG_WARN_COMMA = YES;
				CLANG_WARN_CONSTANT_CONVERSION = YES;
				CLANG_WARN_DIRECT_OBJC_ISA_USAGE = YES_ERROR;
				CLANG_WARN_DOCUMENTATION_COMMENTS = YES;
				CLANG_WARN_EMPTY_BODY = YES;
				CLANG_WARN_ENUM_CONVERSION = YES;
				CLANG_WARN_INFINITE_RECURSION = YES;
				CLANG_WARN_INT_CONVERSION = YES;
				CLANG_WARN_NON_LITERAL_NULL_CONVERSION = YES;
				CLANG_WARN_OBJC_LITERAL_CONVERSION = YES;
				CLANG_WARN_OBJC_ROOT_CLASS = YES_ERROR;
				CLANG_WARN_RANGE_LOOP_ANALYSIS = YES;
				CLANG_WARN_STRICT_PROTOTYPES = YES;
				CLANG_WARN_SUSPICIOUS_MOVE = YES;
				CLANG_WARN_UNGUARDED_AVAILABILITY = YES_AGGRESSIVE;
				CLANG_WARN_UNREACHABLE_CODE = YES;
				CLANG_WARN__DUPLICATE_METHOD_MATCH = YES;
				CODE_SIGN_IDENTITY = "iPhone Developer";
				COPY_PHASE_STRIP = NO;
				DEBUG_INFORMATION_FORMAT = "dwarf-with-dsym";
				ENABLE_NS_ASSERTIONS = NO;
				ENABLE_STRICT_OBJC_MSGSEND = YES;
				GCC_C_LANGUAGE_STANDARD = gnu11;
				GCC_NO_COMMON_BLOCKS = YES;
				GCC_WARN_64_TO_32_BIT_CONVERSION = YES;
				GCC_WARN_ABOUT_RETURN_TYPE = YES_ERROR;
				GCC_WARN_UNDECLARED_SELECTOR = YES;
				GCC_WARN_UNINITIALIZED_AUTOS = YES_AGGRESSIVE;
				GCC_WARN_UNUSED_FUNCTION = YES;
				GCC_WARN_UNUSED_VARIABLE = YES;
				IPHONEOS_DEPLOYMENT_TARGET = 11.2;
				MTL_ENABLE_DEBUG_INFO = NO;
				SDKROOT = iphoneos;
				SWIFT_OPTIMIZATION_LEVEL = "-Owholemodule";
				VALIDATE_PRODUCT = YES;
			};
			name = Release;
		};
		E30D2EE72007AFBB00CA3F62 /* Debug */ = {
			isa = XCBuildConfiguration;
			buildSettings = {
				ASSETCATALOG_COMPILER_APPICON_NAME = AppIcon;
				CODE_SIGN_STYLE = Automatic;
				DEVELOPMENT_TEAM = 5K55PQ8BSJ;
				INFOPLIST_FILE = SingleAppDragAndDrop/Info.plist;
				IPHONEOS_DEPLOYMENT_TARGET = 11.0;
				LD_RUNPATH_SEARCH_PATHS = "$(inherited) @executable_path/Frameworks";
				PRODUCT_BUNDLE_IDENTIFIER = com.akatsuki174.SingleAppDragAndDrop;
				PRODUCT_NAME = "$(TARGET_NAME)";
				SWIFT_VERSION = 4.0;
				TARGETED_DEVICE_FAMILY = "1,2";
			};
			name = Debug;
		};
		E30D2EE82007AFBB00CA3F62 /* Release */ = {
			isa = XCBuildConfiguration;
			buildSettings = {
				ASSETCATALOG_COMPILER_APPICON_NAME = AppIcon;
				CODE_SIGN_STYLE = Automatic;
				DEVELOPMENT_TEAM = 5K55PQ8BSJ;
				INFOPLIST_FILE = SingleAppDragAndDrop/Info.plist;
				IPHONEOS_DEPLOYMENT_TARGET = 11.0;
				LD_RUNPATH_SEARCH_PATHS = "$(inherited) @executable_path/Frameworks";
				PRODUCT_BUNDLE_IDENTIFIER = com.akatsuki174.SingleAppDragAndDrop;
				PRODUCT_NAME = "$(TARGET_NAME)";
				SWIFT_VERSION = 4.0;
				TARGETED_DEVICE_FAMILY = "1,2";
			};
			name = Release;
		};
/* End XCBuildConfiguration section */

/* Begin XCConfigurationList section */
		E30D2ECF2007AFBB00CA3F62 /* Build configuration list for PBXProject "SingleAppDragAndDrop" */ = {
			isa = XCConfigurationList;
			buildConfigurations = (
				E30D2EE42007AFBB00CA3F62 /* Debug */,
				E30D2EE52007AFBB00CA3F62 /* Release */,
			);
			defaultConfigurationIsVisible = 0;
			defaultConfigurationName = Release;
		};
		E30D2EE62007AFBB00CA3F62 /* Build configuration list for PBXNativeTarget "SingleAppDragAndDrop" */ = {
			isa = XCConfigurationList;
			buildConfigurations = (
				E30D2EE72007AFBB00CA3F62 /* Debug */,
				E30D2EE82007AFBB00CA3F62 /* Release */,
			);
			defaultConfigurationIsVisible = 0;
			defaultConfigurationName = Release;
		};
/* End XCConfigurationList section */
	};
	rootObject = E30D2ECC2007AFBB00CA3F62 /* Project object */;
}
